// !$*UTF8*$!
{
	archiveVersion = 1;
	classes = {
	};
	objectVersion = 55;
	objects = {

/* Begin PBXBuildFile section */
		B544478E286CF4E60026E288 /* Color+Background.swift in Sources */ = {isa = PBXBuildFile; fileRef = B544478D286CF4E60026E288 /* Color+Background.swift */; };
		B5474F2F2860AD720029F031 /* HackerNewsCommentsApp.swift in Sources */ = {isa = PBXBuildFile; fileRef = B5474F2E2860AD720029F031 /* HackerNewsCommentsApp.swift */; };
		B5474F312860AD720029F031 /* ContentView.swift in Sources */ = {isa = PBXBuildFile; fileRef = B5474F302860AD720029F031 /* ContentView.swift */; };
		B5474F332860AD740029F031 /* Assets.xcassets in Resources */ = {isa = PBXBuildFile; fileRef = B5474F322860AD740029F031 /* Assets.xcassets */; };
		B5474F362860AD740029F031 /* Preview Assets.xcassets in Resources */ = {isa = PBXBuildFile; fileRef = B5474F352860AD740029F031 /* Preview Assets.xcassets */; };
		B5474F402860AD740029F031 /* HackerNewsCommentsTests.swift in Sources */ = {isa = PBXBuildFile; fileRef = B5474F3F2860AD740029F031 /* HackerNewsCommentsTests.swift */; };
		B5474F4A2860AD740029F031 /* HackerNewsCommentsUITests.swift in Sources */ = {isa = PBXBuildFile; fileRef = B5474F492860AD740029F031 /* HackerNewsCommentsUITests.swift */; };
		B5474F4C2860AD740029F031 /* HackerNewsCommentsUITestsLaunchTests.swift in Sources */ = {isa = PBXBuildFile; fileRef = B5474F4B2860AD740029F031 /* HackerNewsCommentsUITestsLaunchTests.swift */; };
		B5474F5B2860AFB10029F031 /* NavigationTitlelessView.swift in Sources */ = {isa = PBXBuildFile; fileRef = B5474F5A2860AFB10029F031 /* NavigationTitlelessView.swift */; };
		B5474F5F2860B5360029F031 /* CommentsView.swift in Sources */ = {isa = PBXBuildFile; fileRef = B5474F5E2860B5360029F031 /* CommentsView.swift */; };
		B5474F612860B6F20029F031 /* NavigationCustomTitleView.swift in Sources */ = {isa = PBXBuildFile; fileRef = B5474F602860B6F20029F031 /* NavigationCustomTitleView.swift */; };
		B5474F642860BD190029F031 /* UINavigationController+UIGestureRecognizerDelegate.swift in Sources */ = {isa = PBXBuildFile; fileRef = B5474F632860BD190029F031 /* UINavigationController+UIGestureRecognizerDelegate.swift */; };
		B5474F662860BE0E0029F031 /* NavigationBackButton.swift in Sources */ = {isa = PBXBuildFile; fileRef = B5474F652860BE0E0029F031 /* NavigationBackButton.swift */; };
		B5474F682860BFC40029F031 /* SearchBarView.swift in Sources */ = {isa = PBXBuildFile; fileRef = B5474F672860BFC40029F031 /* SearchBarView.swift */; };
		B5474F6A2860C5110029F031 /* Localizable.strings in Resources */ = {isa = PBXBuildFile; fileRef = B5474F692860C5110029F031 /* Localizable.strings */; };
		B5474F6C2860C5700029F031 /* UIApplication+EndEditing.swift in Sources */ = {isa = PBXBuildFile; fileRef = B5474F6B2860C5700029F031 /* UIApplication+EndEditing.swift */; };
		B5474F6F2860CB1D0029F031 /* FirebaseDatabase in Frameworks */ = {isa = PBXBuildFile; productRef = B5474F6E2860CB1D0029F031 /* FirebaseDatabase */; };
		B5474F742860CBD10029F031 /* FirebaseQuery.swift in Sources */ = {isa = PBXBuildFile; fileRef = B5474F712860CBD10029F031 /* FirebaseQuery.swift */; };
		B5474F752860CBD10029F031 /* FirebaseConfig.swift in Sources */ = {isa = PBXBuildFile; fileRef = B5474F722860CBD10029F031 /* FirebaseConfig.swift */; };
		B5474F762860CBD10029F031 /* FirebaseAPI.swift in Sources */ = {isa = PBXBuildFile; fileRef = B5474F732860CBD10029F031 /* FirebaseAPI.swift */; };
		B5474F7D2860CBF00029F031 /* Snapshottable.swift in Sources */ = {isa = PBXBuildFile; fileRef = B5474F782860CBF00029F031 /* Snapshottable.swift */; };
		B5474F7E2860CBF00029F031 /* Requestable.swift in Sources */ = {isa = PBXBuildFile; fileRef = B5474F792860CBF00029F031 /* Requestable.swift */; };
		B5474F7F2860CBF00029F031 /* Datable.swift in Sources */ = {isa = PBXBuildFile; fileRef = B5474F7A2860CBF00029F031 /* Datable.swift */; };
		B5474F802860CBF00029F031 /* Firebasable.swift in Sources */ = {isa = PBXBuildFile; fileRef = B5474F7B2860CBF00029F031 /* Firebasable.swift */; };
		B5474F812860CBF00029F031 /* Queryable.swift in Sources */ = {isa = PBXBuildFile; fileRef = B5474F7C2860CBF00029F031 /* Queryable.swift */; };
		B5474F892860CC8D0029F031 /* HackerNewsFilter.swift in Sources */ = {isa = PBXBuildFile; fileRef = B5474F832860CC8D0029F031 /* HackerNewsFilter.swift */; };
		B5474F8B2860CC8D0029F031 /* HackerNewsItem.swift in Sources */ = {isa = PBXBuildFile; fileRef = B5474F852860CC8D0029F031 /* HackerNewsItem.swift */; };
		B5474F8C2860CC8D0029F031 /* ItemVM.swift in Sources */ = {isa = PBXBuildFile; fileRef = B5474F862860CC8D0029F031 /* ItemVM.swift */; };
		B5474F8E2860CC8D0029F031 /* ItemsVM.swift in Sources */ = {isa = PBXBuildFile; fileRef = B5474F882860CC8D0029F031 /* ItemsVM.swift */; };
		B55156F9286332B0004FA63B /* ItemsView.swift in Sources */ = {isa = PBXBuildFile; fileRef = B55156F7286332B0004FA63B /* ItemsView.swift */; };
		B55156FA286332B0004FA63B /* ItemView.swift in Sources */ = {isa = PBXBuildFile; fileRef = B55156F8286332B0004FA63B /* ItemView.swift */; };
		B55156FC286332CB004FA63B /* String+Host.swift in Sources */ = {isa = PBXBuildFile; fileRef = B55156FB286332CB004FA63B /* String+Host.swift */; };
		B5C64DB72869D6DF004B2727 /* HTML2TextParser.swift in Sources */ = {isa = PBXBuildFile; fileRef = B5C64DB62869D6DF004B2727 /* HTML2TextParser.swift */; };
		B5C64DB9286B342E004B2727 /* Int+Of.swift in Sources */ = {isa = PBXBuildFile; fileRef = B5C64DB8286B342E004B2727 /* Int+Of.swift */; };
		B5DCC4DF2864996300DC3F08 /* View+LoadingPlaceHolder.swift in Sources */ = {isa = PBXBuildFile; fileRef = B5DCC4DE2864996300DC3F08 /* View+LoadingPlaceHolder.swift */; };
		B5DCC4E42864F01500DC3F08 /* CommentsVM.swift in Sources */ = {isa = PBXBuildFile; fileRef = B5DCC4E32864F01500DC3F08 /* CommentsVM.swift */; };
		B5DCC4E62864F4FE00DC3F08 /* CommentView.swift in Sources */ = {isa = PBXBuildFile; fileRef = B5DCC4E52864F4FE00DC3F08 /* CommentView.swift */; };
		B5DCC4E82864F51800DC3F08 /* CommentVM.swift in Sources */ = {isa = PBXBuildFile; fileRef = B5DCC4E72864F51800DC3F08 /* CommentVM.swift */; };
		B5DCC4EC2869C21500DC3F08 /* AttributedText.swift in Sources */ = {isa = PBXBuildFile; fileRef = B5DCC4EB2869C21500DC3F08 /* AttributedText.swift */; };
		B5FE01402861D3C70019423F /* HackerNewsComment.swift in Sources */ = {isa = PBXBuildFile; fileRef = B5FE013F2861D3C70019423F /* HackerNewsComment.swift */; };
		B5FE01432861D5020019423F /* FirebaseAuth in Frameworks */ = {isa = PBXBuildFile; productRef = B5FE01422861D5020019423F /* FirebaseAuth */; };
		B5FE01452861D5020019423F /* FirebaseDatabaseSwift in Frameworks */ = {isa = PBXBuildFile; productRef = B5FE01442861D5020019423F /* FirebaseDatabaseSwift */; };
		B5FE01472861D5020019423F /* FirebaseFirestore in Frameworks */ = {isa = PBXBuildFile; productRef = B5FE01462861D5020019423F /* FirebaseFirestore */; };
		B5FE01492861D5020019423F /* FirebaseFirestoreSwift in Frameworks */ = {isa = PBXBuildFile; productRef = B5FE01482861D5020019423F /* FirebaseFirestoreSwift */; };
		B5FE014B2861D5020019423F /* FirebaseStorage in Frameworks */ = {isa = PBXBuildFile; productRef = B5FE014A2861D5020019423F /* FirebaseStorage */; };
		B5FE01532861E0A50019423F /* HackerNewsCommentFlattenerTests.swift in Sources */ = {isa = PBXBuildFile; fileRef = B5FE014C2861E0A50019423F /* HackerNewsCommentFlattenerTests.swift */; };
		B5FE01542861E0A50019423F /* HackerNewsCommentBridgeTests.swift in Sources */ = {isa = PBXBuildFile; fileRef = B5FE014D2861E0A50019423F /* HackerNewsCommentBridgeTests.swift */; };
		B5FE01552861E0A50019423F /* HackerNewsCommentTogglerTests.swift in Sources */ = {isa = PBXBuildFile; fileRef = B5FE014E2861E0A50019423F /* HackerNewsCommentTogglerTests.swift */; };
		B5FE01562861E0A50019423F /* HackerNewsCommentsFactoryTests.swift in Sources */ = {isa = PBXBuildFile; fileRef = B5FE014F2861E0A50019423F /* HackerNewsCommentsFactoryTests.swift */; };
		B5FE01572861E0A50019423F /* HackerNewsCommentFormatterTests.swift in Sources */ = {isa = PBXBuildFile; fileRef = B5FE01502861E0A50019423F /* HackerNewsCommentFormatterTests.swift */; };
		B5FE01582861E0A50019423F /* HackerNewsFilterTests.swift in Sources */ = {isa = PBXBuildFile; fileRef = B5FE01512861E0A50019423F /* HackerNewsFilterTests.swift */; };
		B5FE01592861E0A50019423F /* FirebaseAPITests.swift in Sources */ = {isa = PBXBuildFile; fileRef = B5FE01522861E0A50019423F /* FirebaseAPITests.swift */; };
		B5FE01602861E14C0019423F /* HackerNewsCommentToggler.swift in Sources */ = {isa = PBXBuildFile; fileRef = B5FE015A2861E14C0019423F /* HackerNewsCommentToggler.swift */; };
		B5FE01612861E14C0019423F /* HackerNewsCommentBridge.swift in Sources */ = {isa = PBXBuildFile; fileRef = B5FE015B2861E14C0019423F /* HackerNewsCommentBridge.swift */; };
		B5FE01622861E14C0019423F /* HackerNewsCommentIndexConverter.swift in Sources */ = {isa = PBXBuildFile; fileRef = B5FE015C2861E14C0019423F /* HackerNewsCommentIndexConverter.swift */; };
		B5FE01632861E14C0019423F /* HackerNewsCommentFormatter.swift in Sources */ = {isa = PBXBuildFile; fileRef = B5FE015D2861E14C0019423F /* HackerNewsCommentFormatter.swift */; };
		B5FE01642861E14C0019423F /* HackerNewsCommentsFactory.swift in Sources */ = {isa = PBXBuildFile; fileRef = B5FE015E2861E14C0019423F /* HackerNewsCommentsFactory.swift */; };
		B5FE01652861E14C0019423F /* HackerNewsCommentFlattener.swift in Sources */ = {isa = PBXBuildFile; fileRef = B5FE015F2861E14C0019423F /* HackerNewsCommentFlattener.swift */; };
		B5FE01682861E1810019423F /* Togglable.swift in Sources */ = {isa = PBXBuildFile; fileRef = B5FE01662861E1810019423F /* Togglable.swift */; };
		B5FE016D2861E2160019423F /* String+html.swift in Sources */ = {isa = PBXBuildFile; fileRef = B5FE016C2861E2150019423F /* String+html.swift */; };
		B5FE01702861E3850019423F /* GoogleService-Info.plist in Resources */ = {isa = PBXBuildFile; fileRef = B5FE016F2861E3840019423F /* GoogleService-Info.plist */; };
/* End PBXBuildFile section */

/* Begin PBXContainerItemProxy section */
		B5474F3C2860AD740029F031 /* PBXContainerItemProxy */ = {
			isa = PBXContainerItemProxy;
			containerPortal = B5474F232860AD720029F031 /* Project object */;
			proxyType = 1;
			remoteGlobalIDString = B5474F2A2860AD720029F031;
			remoteInfo = HackerNewsComments;
		};
		B5474F462860AD740029F031 /* PBXContainerItemProxy */ = {
			isa = PBXContainerItemProxy;
			containerPortal = B5474F232860AD720029F031 /* Project object */;
			proxyType = 1;
			remoteGlobalIDString = B5474F2A2860AD720029F031;
			remoteInfo = HackerNewsComments;
		};
/* End PBXContainerItemProxy section */

/* Begin PBXFileReference section */
		B544478D286CF4E60026E288 /* Color+Background.swift */ = {isa = PBXFileReference; lastKnownFileType = sourcecode.swift; path = "Color+Background.swift"; sourceTree = "<group>"; };
		B5474F2B2860AD720029F031 /* HackerNewsComments.app */ = {isa = PBXFileReference; explicitFileType = wrapper.application; includeInIndex = 0; path = HackerNewsComments.app; sourceTree = BUILT_PRODUCTS_DIR; };
		B5474F2E2860AD720029F031 /* HackerNewsCommentsApp.swift */ = {isa = PBXFileReference; lastKnownFileType = sourcecode.swift; path = HackerNewsCommentsApp.swift; sourceTree = "<group>"; };
		B5474F302860AD720029F031 /* ContentView.swift */ = {isa = PBXFileReference; lastKnownFileType = sourcecode.swift; path = ContentView.swift; sourceTree = "<group>"; };
		B5474F322860AD740029F031 /* Assets.xcassets */ = {isa = PBXFileReference; lastKnownFileType = folder.assetcatalog; path = Assets.xcassets; sourceTree = "<group>"; };
		B5474F352860AD740029F031 /* Preview Assets.xcassets */ = {isa = PBXFileReference; lastKnownFileType = folder.assetcatalog; path = "Preview Assets.xcassets"; sourceTree = "<group>"; };
		B5474F3B2860AD740029F031 /* HackerNewsCommentsTests.xctest */ = {isa = PBXFileReference; explicitFileType = wrapper.cfbundle; includeInIndex = 0; path = HackerNewsCommentsTests.xctest; sourceTree = BUILT_PRODUCTS_DIR; };
		B5474F3F2860AD740029F031 /* HackerNewsCommentsTests.swift */ = {isa = PBXFileReference; lastKnownFileType = sourcecode.swift; path = HackerNewsCommentsTests.swift; sourceTree = "<group>"; };
		B5474F452860AD740029F031 /* HackerNewsCommentsUITests.xctest */ = {isa = PBXFileReference; explicitFileType = wrapper.cfbundle; includeInIndex = 0; path = HackerNewsCommentsUITests.xctest; sourceTree = BUILT_PRODUCTS_DIR; };
		B5474F492860AD740029F031 /* HackerNewsCommentsUITests.swift */ = {isa = PBXFileReference; lastKnownFileType = sourcecode.swift; path = HackerNewsCommentsUITests.swift; sourceTree = "<group>"; };
		B5474F4B2860AD740029F031 /* HackerNewsCommentsUITestsLaunchTests.swift */ = {isa = PBXFileReference; lastKnownFileType = sourcecode.swift; path = HackerNewsCommentsUITestsLaunchTests.swift; sourceTree = "<group>"; };
		B5474F5A2860AFB10029F031 /* NavigationTitlelessView.swift */ = {isa = PBXFileReference; lastKnownFileType = sourcecode.swift; path = NavigationTitlelessView.swift; sourceTree = "<group>"; };
		B5474F5E2860B5360029F031 /* CommentsView.swift */ = {isa = PBXFileReference; lastKnownFileType = sourcecode.swift; path = CommentsView.swift; sourceTree = "<group>"; };
		B5474F602860B6F20029F031 /* NavigationCustomTitleView.swift */ = {isa = PBXFileReference; lastKnownFileType = sourcecode.swift; path = NavigationCustomTitleView.swift; sourceTree = "<group>"; };
		B5474F632860BD190029F031 /* UINavigationController+UIGestureRecognizerDelegate.swift */ = {isa = PBXFileReference; lastKnownFileType = sourcecode.swift; path = "UINavigationController+UIGestureRecognizerDelegate.swift"; sourceTree = "<group>"; };
		B5474F652860BE0E0029F031 /* NavigationBackButton.swift */ = {isa = PBXFileReference; lastKnownFileType = sourcecode.swift; path = NavigationBackButton.swift; sourceTree = "<group>"; };
		B5474F672860BFC40029F031 /* SearchBarView.swift */ = {isa = PBXFileReference; lastKnownFileType = sourcecode.swift; path = SearchBarView.swift; sourceTree = "<group>"; };
		B5474F692860C5110029F031 /* Localizable.strings */ = {isa = PBXFileReference; lastKnownFileType = text.plist.strings; path = Localizable.strings; sourceTree = "<group>"; };
		B5474F6B2860C5700029F031 /* UIApplication+EndEditing.swift */ = {isa = PBXFileReference; lastKnownFileType = sourcecode.swift; path = "UIApplication+EndEditing.swift"; sourceTree = "<group>"; };
		B5474F712860CBD10029F031 /* FirebaseQuery.swift */ = {isa = PBXFileReference; fileEncoding = 4; lastKnownFileType = sourcecode.swift; path = FirebaseQuery.swift; sourceTree = "<group>"; };
		B5474F722860CBD10029F031 /* FirebaseConfig.swift */ = {isa = PBXFileReference; fileEncoding = 4; lastKnownFileType = sourcecode.swift; path = FirebaseConfig.swift; sourceTree = "<group>"; };
		B5474F732860CBD10029F031 /* FirebaseAPI.swift */ = {isa = PBXFileReference; fileEncoding = 4; lastKnownFileType = sourcecode.swift; path = FirebaseAPI.swift; sourceTree = "<group>"; };
		B5474F782860CBF00029F031 /* Snapshottable.swift */ = {isa = PBXFileReference; fileEncoding = 4; lastKnownFileType = sourcecode.swift; path = Snapshottable.swift; sourceTree = "<group>"; };
		B5474F792860CBF00029F031 /* Requestable.swift */ = {isa = PBXFileReference; fileEncoding = 4; lastKnownFileType = sourcecode.swift; path = Requestable.swift; sourceTree = "<group>"; };
		B5474F7A2860CBF00029F031 /* Datable.swift */ = {isa = PBXFileReference; fileEncoding = 4; lastKnownFileType = sourcecode.swift; path = Datable.swift; sourceTree = "<group>"; };
		B5474F7B2860CBF00029F031 /* Firebasable.swift */ = {isa = PBXFileReference; fileEncoding = 4; lastKnownFileType = sourcecode.swift; path = Firebasable.swift; sourceTree = "<group>"; };
		B5474F7C2860CBF00029F031 /* Queryable.swift */ = {isa = PBXFileReference; fileEncoding = 4; lastKnownFileType = sourcecode.swift; path = Queryable.swift; sourceTree = "<group>"; };
		B5474F832860CC8D0029F031 /* HackerNewsFilter.swift */ = {isa = PBXFileReference; fileEncoding = 4; lastKnownFileType = sourcecode.swift; path = HackerNewsFilter.swift; sourceTree = "<group>"; };
		B5474F852860CC8D0029F031 /* HackerNewsItem.swift */ = {isa = PBXFileReference; fileEncoding = 4; lastKnownFileType = sourcecode.swift; path = HackerNewsItem.swift; sourceTree = "<group>"; };
		B5474F862860CC8D0029F031 /* ItemVM.swift */ = {isa = PBXFileReference; fileEncoding = 4; lastKnownFileType = sourcecode.swift; path = ItemVM.swift; sourceTree = "<group>"; };
		B5474F882860CC8D0029F031 /* ItemsVM.swift */ = {isa = PBXFileReference; fileEncoding = 4; lastKnownFileType = sourcecode.swift; path = ItemsVM.swift; sourceTree = "<group>"; };
		B55156F7286332B0004FA63B /* ItemsView.swift */ = {isa = PBXFileReference; fileEncoding = 4; lastKnownFileType = sourcecode.swift; path = ItemsView.swift; sourceTree = "<group>"; };
		B55156F8286332B0004FA63B /* ItemView.swift */ = {isa = PBXFileReference; fileEncoding = 4; lastKnownFileType = sourcecode.swift; path = ItemView.swift; sourceTree = "<group>"; };
		B55156FB286332CB004FA63B /* String+Host.swift */ = {isa = PBXFileReference; fileEncoding = 4; lastKnownFileType = sourcecode.swift; path = "String+Host.swift"; sourceTree = "<group>"; };
		B5C64DB62869D6DF004B2727 /* HTML2TextParser.swift */ = {isa = PBXFileReference; lastKnownFileType = sourcecode.swift; path = HTML2TextParser.swift; sourceTree = "<group>"; };
		B5C64DB8286B342E004B2727 /* Int+Of.swift */ = {isa = PBXFileReference; lastKnownFileType = sourcecode.swift; path = "Int+Of.swift"; sourceTree = "<group>"; };
		B5DCC4DE2864996300DC3F08 /* View+LoadingPlaceHolder.swift */ = {isa = PBXFileReference; lastKnownFileType = sourcecode.swift; path = "View+LoadingPlaceHolder.swift"; sourceTree = "<group>"; };
		B5DCC4E32864F01500DC3F08 /* CommentsVM.swift */ = {isa = PBXFileReference; lastKnownFileType = sourcecode.swift; path = CommentsVM.swift; sourceTree = "<group>"; };
		B5DCC4E52864F4FE00DC3F08 /* CommentView.swift */ = {isa = PBXFileReference; lastKnownFileType = sourcecode.swift; path = CommentView.swift; sourceTree = "<group>"; };
		B5DCC4E72864F51800DC3F08 /* CommentVM.swift */ = {isa = PBXFileReference; lastKnownFileType = sourcecode.swift; path = CommentVM.swift; sourceTree = "<group>"; };
		B5DCC4EB2869C21500DC3F08 /* AttributedText.swift */ = {isa = PBXFileReference; lastKnownFileType = sourcecode.swift; path = AttributedText.swift; sourceTree = "<group>"; };
		B5FE013F2861D3C70019423F /* HackerNewsComment.swift */ = {isa = PBXFileReference; fileEncoding = 4; lastKnownFileType = sourcecode.swift; path = HackerNewsComment.swift; sourceTree = "<group>"; };
		B5FE014C2861E0A50019423F /* HackerNewsCommentFlattenerTests.swift */ = {isa = PBXFileReference; fileEncoding = 4; lastKnownFileType = sourcecode.swift; path = HackerNewsCommentFlattenerTests.swift; sourceTree = "<group>"; };
		B5FE014D2861E0A50019423F /* HackerNewsCommentBridgeTests.swift */ = {isa = PBXFileReference; fileEncoding = 4; lastKnownFileType = sourcecode.swift; path = HackerNewsCommentBridgeTests.swift; sourceTree = "<group>"; };
		B5FE014E2861E0A50019423F /* HackerNewsCommentTogglerTests.swift */ = {isa = PBXFileReference; fileEncoding = 4; lastKnownFileType = sourcecode.swift; path = HackerNewsCommentTogglerTests.swift; sourceTree = "<group>"; };
		B5FE014F2861E0A50019423F /* HackerNewsCommentsFactoryTests.swift */ = {isa = PBXFileReference; fileEncoding = 4; lastKnownFileType = sourcecode.swift; path = HackerNewsCommentsFactoryTests.swift; sourceTree = "<group>"; };
		B5FE01502861E0A50019423F /* HackerNewsCommentFormatterTests.swift */ = {isa = PBXFileReference; fileEncoding = 4; lastKnownFileType = sourcecode.swift; path = HackerNewsCommentFormatterTests.swift; sourceTree = "<group>"; };
		B5FE01512861E0A50019423F /* HackerNewsFilterTests.swift */ = {isa = PBXFileReference; fileEncoding = 4; lastKnownFileType = sourcecode.swift; path = HackerNewsFilterTests.swift; sourceTree = "<group>"; };
		B5FE01522861E0A50019423F /* FirebaseAPITests.swift */ = {isa = PBXFileReference; fileEncoding = 4; lastKnownFileType = sourcecode.swift; path = FirebaseAPITests.swift; sourceTree = "<group>"; };
		B5FE015A2861E14C0019423F /* HackerNewsCommentToggler.swift */ = {isa = PBXFileReference; fileEncoding = 4; lastKnownFileType = sourcecode.swift; path = HackerNewsCommentToggler.swift; sourceTree = "<group>"; };
		B5FE015B2861E14C0019423F /* HackerNewsCommentBridge.swift */ = {isa = PBXFileReference; fileEncoding = 4; lastKnownFileType = sourcecode.swift; path = HackerNewsCommentBridge.swift; sourceTree = "<group>"; };
		B5FE015C2861E14C0019423F /* HackerNewsCommentIndexConverter.swift */ = {isa = PBXFileReference; fileEncoding = 4; lastKnownFileType = sourcecode.swift; path = HackerNewsCommentIndexConverter.swift; sourceTree = "<group>"; };
		B5FE015D2861E14C0019423F /* HackerNewsCommentFormatter.swift */ = {isa = PBXFileReference; fileEncoding = 4; lastKnownFileType = sourcecode.swift; path = HackerNewsCommentFormatter.swift; sourceTree = "<group>"; };
		B5FE015E2861E14C0019423F /* HackerNewsCommentsFactory.swift */ = {isa = PBXFileReference; fileEncoding = 4; lastKnownFileType = sourcecode.swift; path = HackerNewsCommentsFactory.swift; sourceTree = "<group>"; };
		B5FE015F2861E14C0019423F /* HackerNewsCommentFlattener.swift */ = {isa = PBXFileReference; fileEncoding = 4; lastKnownFileType = sourcecode.swift; path = HackerNewsCommentFlattener.swift; sourceTree = "<group>"; };
		B5FE01662861E1810019423F /* Togglable.swift */ = {isa = PBXFileReference; fileEncoding = 4; lastKnownFileType = sourcecode.swift; path = Togglable.swift; sourceTree = "<group>"; };
		B5FE016C2861E2150019423F /* String+html.swift */ = {isa = PBXFileReference; fileEncoding = 4; lastKnownFileType = sourcecode.swift; path = "String+html.swift"; sourceTree = "<group>"; };
		B5FE016F2861E3840019423F /* GoogleService-Info.plist */ = {isa = PBXFileReference; fileEncoding = 4; lastKnownFileType = text.plist.xml; path = "GoogleService-Info.plist"; sourceTree = "<group>"; };
/* End PBXFileReference section */

/* Begin PBXFrameworksBuildPhase section */
		B5474F282860AD720029F031 /* Frameworks */ = {
			isa = PBXFrameworksBuildPhase;
			buildActionMask = 2147483647;
			files = (
				B5FE01492861D5020019423F /* FirebaseFirestoreSwift in Frameworks */,
				B5FE01452861D5020019423F /* FirebaseDatabaseSwift in Frameworks */,
				B5FE01472861D5020019423F /* FirebaseFirestore in Frameworks */,
				B5474F6F2860CB1D0029F031 /* FirebaseDatabase in Frameworks */,
				B5FE01432861D5020019423F /* FirebaseAuth in Frameworks */,
				B5FE014B2861D5020019423F /* FirebaseStorage in Frameworks */,
			);
			runOnlyForDeploymentPostprocessing = 0;
		};
		B5474F382860AD740029F031 /* Frameworks */ = {
			isa = PBXFrameworksBuildPhase;
			buildActionMask = 2147483647;
			files = (
			);
			runOnlyForDeploymentPostprocessing = 0;
		};
		B5474F422860AD740029F031 /* Frameworks */ = {
			isa = PBXFrameworksBuildPhase;
			buildActionMask = 2147483647;
			files = (
			);
			runOnlyForDeploymentPostprocessing = 0;
		};
/* End PBXFrameworksBuildPhase section */

/* Begin PBXGroup section */
		B5474F222860AD720029F031 = {
			isa = PBXGroup;
			children = (
				B5474F2D2860AD720029F031 /* HackerNewsComments */,
				B5474F692860C5110029F031 /* Localizable.strings */,
				B5474F3E2860AD740029F031 /* HackerNewsCommentsTests */,
				B5474F482860AD740029F031 /* HackerNewsCommentsUITests */,
				B5474F2C2860AD720029F031 /* Products */,
			);
			sourceTree = "<group>";
		};
		B5474F2C2860AD720029F031 /* Products */ = {
			isa = PBXGroup;
			children = (
				B5474F2B2860AD720029F031 /* HackerNewsComments.app */,
				B5474F3B2860AD740029F031 /* HackerNewsCommentsTests.xctest */,
				B5474F452860AD740029F031 /* HackerNewsCommentsUITests.xctest */,
			);
			name = Products;
			sourceTree = "<group>";
		};
		B5474F2D2860AD720029F031 /* HackerNewsComments */ = {
			isa = PBXGroup;
			children = (
				B5474F2E2860AD720029F031 /* HackerNewsCommentsApp.swift */,
				B5474F302860AD720029F031 /* ContentView.swift */,
				B5474F582860ADE30029F031 /* Views */,
				B5474F622860BCF20029F031 /* Extensions */,
				B5474F772860CBF00029F031 /* Protocols */,
				B55156FD28633317004FA63B /* Types */,
				B5474F702860CBD10029F031 /* Firebase */,
				B5474F322860AD740029F031 /* Assets.xcassets */,
				B5474F342860AD740029F031 /* Preview Content */,
				B5FE016E2861E36F0019423F /* Supporting Files */,
			);
			path = HackerNewsComments;
			sourceTree = "<group>";
		};
		B5474F342860AD740029F031 /* Preview Content */ = {
			isa = PBXGroup;
			children = (
				B5474F352860AD740029F031 /* Preview Assets.xcassets */,
			);
			path = "Preview Content";
			sourceTree = "<group>";
		};
		B5474F3E2860AD740029F031 /* HackerNewsCommentsTests */ = {
			isa = PBXGroup;
			children = (
				B5DCC4E028649DDE00DC3F08 /* Types */,
				B5DCC4E128649DF600DC3F08 /* FireBase */,
			);
			path = HackerNewsCommentsTests;
			sourceTree = "<group>";
		};
		B5474F482860AD740029F031 /* HackerNewsCommentsUITests */ = {
			isa = PBXGroup;
			children = (
				B5474F492860AD740029F031 /* HackerNewsCommentsUITests.swift */,
				B5474F4B2860AD740029F031 /* HackerNewsCommentsUITestsLaunchTests.swift */,
			);
			path = HackerNewsCommentsUITests;
			sourceTree = "<group>";
		};
		B5474F582860ADE30029F031 /* Views */ = {
			isa = PBXGroup;
			children = (
				B5474F592860AF730029F031 /* Layout */,
				B5DCC4E22864EEA600DC3F08 /* CommentsView */,
				B55156F6286332B0004FA63B /* ItemsView */,
				B5474F672860BFC40029F031 /* SearchBarView.swift */,
			);
			path = Views;
			sourceTree = "<group>";
		};
		B5474F592860AF730029F031 /* Layout */ = {
			isa = PBXGroup;
			children = (
				B5474F602860B6F20029F031 /* NavigationCustomTitleView.swift */,
				B5474F5A2860AFB10029F031 /* NavigationTitlelessView.swift */,
				B5474F652860BE0E0029F031 /* NavigationBackButton.swift */,
			);
			path = Layout;
			sourceTree = "<group>";
		};
		B5474F622860BCF20029F031 /* Extensions */ = {
			isa = PBXGroup;
			children = (
				B544478D286CF4E60026E288 /* Color+Background.swift */,
				B5C64DB8286B342E004B2727 /* Int+Of.swift */,
				B55156FB286332CB004FA63B /* String+Host.swift */,
				B5FE016C2861E2150019423F /* String+html.swift */,
				B5474F6B2860C5700029F031 /* UIApplication+EndEditing.swift */,
				B5474F632860BD190029F031 /* UINavigationController+UIGestureRecognizerDelegate.swift */,
				B5DCC4DE2864996300DC3F08 /* View+LoadingPlaceHolder.swift */,
			);
			path = Extensions;
			sourceTree = "<group>";
		};
		B5474F702860CBD10029F031 /* Firebase */ = {
			isa = PBXGroup;
			children = (
				B5474F712860CBD10029F031 /* FirebaseQuery.swift */,
				B5474F722860CBD10029F031 /* FirebaseConfig.swift */,
				B5474F732860CBD10029F031 /* FirebaseAPI.swift */,
			);
			path = Firebase;
			sourceTree = "<group>";
		};
		B5474F772860CBF00029F031 /* Protocols */ = {
			isa = PBXGroup;
			children = (
				B5474F7A2860CBF00029F031 /* Datable.swift */,
				B5474F7B2860CBF00029F031 /* Firebasable.swift */,
				B5474F792860CBF00029F031 /* Requestable.swift */,
				B5474F7C2860CBF00029F031 /* Queryable.swift */,
				B5474F782860CBF00029F031 /* Snapshottable.swift */,
				B5FE01662861E1810019423F /* Togglable.swift */,
			);
			path = Protocols;
			sourceTree = "<group>";
		};
		B55156F6286332B0004FA63B /* ItemsView */ = {
			isa = PBXGroup;
			children = (
				B55156F7286332B0004FA63B /* ItemsView.swift */,
				B5474F882860CC8D0029F031 /* ItemsVM.swift */,
				B55156F8286332B0004FA63B /* ItemView.swift */,
				B5474F862860CC8D0029F031 /* ItemVM.swift */,
			);
			path = ItemsView;
			sourceTree = "<group>";
		};
		B55156FD28633317004FA63B /* Types */ = {
			isa = PBXGroup;
			children = (
				B5FE013F2861D3C70019423F /* HackerNewsComment.swift */,
				B5FE015B2861E14C0019423F /* HackerNewsCommentBridge.swift */,
				B5FE015F2861E14C0019423F /* HackerNewsCommentFlattener.swift */,
				B5FE015D2861E14C0019423F /* HackerNewsCommentFormatter.swift */,
				B5FE015C2861E14C0019423F /* HackerNewsCommentIndexConverter.swift */,
				B5FE015E2861E14C0019423F /* HackerNewsCommentsFactory.swift */,
				B5FE015A2861E14C0019423F /* HackerNewsCommentToggler.swift */,
				B5474F852860CC8D0029F031 /* HackerNewsItem.swift */,
				B5474F832860CC8D0029F031 /* HackerNewsFilter.swift */,
				B5C64DB62869D6DF004B2727 /* HTML2TextParser.swift */,
			);
			path = Types;
			sourceTree = "<group>";
		};
		B5DCC4E028649DDE00DC3F08 /* Types */ = {
			isa = PBXGroup;
			children = (
				B5FE014D2861E0A50019423F /* HackerNewsCommentBridgeTests.swift */,
				B5FE014C2861E0A50019423F /* HackerNewsCommentFlattenerTests.swift */,
				B5FE01502861E0A50019423F /* HackerNewsCommentFormatterTests.swift */,
				B5FE014F2861E0A50019423F /* HackerNewsCommentsFactoryTests.swift */,
				B5FE014E2861E0A50019423F /* HackerNewsCommentTogglerTests.swift */,
				B5474F3F2860AD740029F031 /* HackerNewsCommentsTests.swift */,
				B5FE01512861E0A50019423F /* HackerNewsFilterTests.swift */,
			);
			path = Types;
			sourceTree = "<group>";
		};
		B5DCC4E128649DF600DC3F08 /* FireBase */ = {
			isa = PBXGroup;
			children = (
				B5FE01522861E0A50019423F /* FirebaseAPITests.swift */,
			);
			path = FireBase;
			sourceTree = "<group>";
		};
		B5DCC4E22864EEA600DC3F08 /* CommentsView */ = {
			isa = PBXGroup;
			children = (
				B5474F5E2860B5360029F031 /* CommentsView.swift */,
				B5DCC4E32864F01500DC3F08 /* CommentsVM.swift */,
				B5DCC4E52864F4FE00DC3F08 /* CommentView.swift */,
				B5DCC4E72864F51800DC3F08 /* CommentVM.swift */,
				B5DCC4EB2869C21500DC3F08 /* AttributedText.swift */,
			);
			path = CommentsView;
			sourceTree = "<group>";
		};
		B5FE016E2861E36F0019423F /* Supporting Files */ = {
			isa = PBXGroup;
			children = (
				B5FE016F2861E3840019423F /* GoogleService-Info.plist */,
			);
			path = "Supporting Files";
			sourceTree = "<group>";
		};
/* End PBXGroup section */

/* Begin PBXNativeTarget section */
		B5474F2A2860AD720029F031 /* HackerNewsComments */ = {
			isa = PBXNativeTarget;
			buildConfigurationList = B5474F4F2860AD740029F031 /* Build configuration list for PBXNativeTarget "HackerNewsComments" */;
			buildPhases = (
				B5474F272860AD720029F031 /* Sources */,
				B5474F282860AD720029F031 /* Frameworks */,
				B5474F292860AD720029F031 /* Resources */,
			);
			buildRules = (
			);
			dependencies = (
			);
			name = HackerNewsComments;
			packageProductDependencies = (
				B5474F6E2860CB1D0029F031 /* FirebaseDatabase */,
				B5FE01422861D5020019423F /* FirebaseAuth */,
				B5FE01442861D5020019423F /* FirebaseDatabaseSwift */,
				B5FE01462861D5020019423F /* FirebaseFirestore */,
				B5FE01482861D5020019423F /* FirebaseFirestoreSwift */,
				B5FE014A2861D5020019423F /* FirebaseStorage */,
			);
			productName = HackerNewsComments;
			productReference = B5474F2B2860AD720029F031 /* HackerNewsComments.app */;
			productType = "com.apple.product-type.application";
		};
		B5474F3A2860AD740029F031 /* HackerNewsCommentsTests */ = {
			isa = PBXNativeTarget;
			buildConfigurationList = B5474F522860AD740029F031 /* Build configuration list for PBXNativeTarget "HackerNewsCommentsTests" */;
			buildPhases = (
				B5474F372860AD740029F031 /* Sources */,
				B5474F382860AD740029F031 /* Frameworks */,
				B5474F392860AD740029F031 /* Resources */,
			);
			buildRules = (
			);
			dependencies = (
				B5474F3D2860AD740029F031 /* PBXTargetDependency */,
			);
			name = HackerNewsCommentsTests;
			productName = HackerNewsCommentsTests;
			productReference = B5474F3B2860AD740029F031 /* HackerNewsCommentsTests.xctest */;
			productType = "com.apple.product-type.bundle.unit-test";
		};
		B5474F442860AD740029F031 /* HackerNewsCommentsUITests */ = {
			isa = PBXNativeTarget;
			buildConfigurationList = B5474F552860AD740029F031 /* Build configuration list for PBXNativeTarget "HackerNewsCommentsUITests" */;
			buildPhases = (
				B5474F412860AD740029F031 /* Sources */,
				B5474F422860AD740029F031 /* Frameworks */,
				B5474F432860AD740029F031 /* Resources */,
			);
			buildRules = (
			);
			dependencies = (
				B5474F472860AD740029F031 /* PBXTargetDependency */,
			);
			name = HackerNewsCommentsUITests;
			productName = HackerNewsCommentsUITests;
			productReference = B5474F452860AD740029F031 /* HackerNewsCommentsUITests.xctest */;
			productType = "com.apple.product-type.bundle.ui-testing";
		};
/* End PBXNativeTarget section */

/* Begin PBXProject section */
		B5474F232860AD720029F031 /* Project object */ = {
			isa = PBXProject;
			attributes = {
				BuildIndependentTargetsInParallel = 1;
				LastSwiftUpdateCheck = 1330;
				LastUpgradeCheck = 1330;
				TargetAttributes = {
					B5474F2A2860AD720029F031 = {
						CreatedOnToolsVersion = 13.3.1;
					};
					B5474F3A2860AD740029F031 = {
						CreatedOnToolsVersion = 13.3.1;
						TestTargetID = B5474F2A2860AD720029F031;
					};
					B5474F442860AD740029F031 = {
						CreatedOnToolsVersion = 13.3.1;
						TestTargetID = B5474F2A2860AD720029F031;
					};
				};
			};
			buildConfigurationList = B5474F262860AD720029F031 /* Build configuration list for PBXProject "HackerNewsComments" */;
			compatibilityVersion = "Xcode 13.0";
			developmentRegion = en;
			hasScannedForEncodings = 0;
			knownRegions = (
				en,
				Base,
			);
			mainGroup = B5474F222860AD720029F031;
			packageReferences = (
				B5474F6D2860CB1D0029F031 /* XCRemoteSwiftPackageReference "firebase-ios-sdk" */,
				B5FE01412861D5020019423F /* XCRemoteSwiftPackageReference "firebase-ios-sdk" */,
			);
			productRefGroup = B5474F2C2860AD720029F031 /* Products */;
			projectDirPath = "";
			projectRoot = "";
			targets = (
				B5474F2A2860AD720029F031 /* HackerNewsComments */,
				B5474F3A2860AD740029F031 /* HackerNewsCommentsTests */,
				B5474F442860AD740029F031 /* HackerNewsCommentsUITests */,
			);
		};
/* End PBXProject section */

/* Begin PBXResourcesBuildPhase section */
		B5474F292860AD720029F031 /* Resources */ = {
			isa = PBXResourcesBuildPhase;
			buildActionMask = 2147483647;
			files = (
				B5474F362860AD740029F031 /* Preview Assets.xcassets in Resources */,
				B5FE01702861E3850019423F /* GoogleService-Info.plist in Resources */,
				B5474F6A2860C5110029F031 /* Localizable.strings in Resources */,
				B5474F332860AD740029F031 /* Assets.xcassets in Resources */,
			);
			runOnlyForDeploymentPostprocessing = 0;
		};
		B5474F392860AD740029F031 /* Resources */ = {
			isa = PBXResourcesBuildPhase;
			buildActionMask = 2147483647;
			files = (
			);
			runOnlyForDeploymentPostprocessing = 0;
		};
		B5474F432860AD740029F031 /* Resources */ = {
			isa = PBXResourcesBuildPhase;
			buildActionMask = 2147483647;
			files = (
			);
			runOnlyForDeploymentPostprocessing = 0;
		};
/* End PBXResourcesBuildPhase section */

/* Begin PBXSourcesBuildPhase section */
		B5474F272860AD720029F031 /* Sources */ = {
			isa = PBXSourcesBuildPhase;
			buildActionMask = 2147483647;
			files = (
				B5474F7E2860CBF00029F031 /* Requestable.swift in Sources */,
				B5FE01642861E14C0019423F /* HackerNewsCommentsFactory.swift in Sources */,
				B5DCC4E82864F51800DC3F08 /* CommentVM.swift in Sources */,
				B5FE016D2861E2160019423F /* String+html.swift in Sources */,
				B55156F9286332B0004FA63B /* ItemsView.swift in Sources */,
				B5474F312860AD720029F031 /* ContentView.swift in Sources */,
				B544478E286CF4E60026E288 /* Color+Background.swift in Sources */,
				B5FE01622861E14C0019423F /* HackerNewsCommentIndexConverter.swift in Sources */,
				B5474F812860CBF00029F031 /* Queryable.swift in Sources */,
				B5474F6C2860C5700029F031 /* UIApplication+EndEditing.swift in Sources */,
				B5474F682860BFC40029F031 /* SearchBarView.swift in Sources */,
				B5474F762860CBD10029F031 /* FirebaseAPI.swift in Sources */,
				B5474F7F2860CBF00029F031 /* Datable.swift in Sources */,
				B55156FA286332B0004FA63B /* ItemView.swift in Sources */,
				B5474F742860CBD10029F031 /* FirebaseQuery.swift in Sources */,
				B5474F5B2860AFB10029F031 /* NavigationTitlelessView.swift in Sources */,
				B5474F662860BE0E0029F031 /* NavigationBackButton.swift in Sources */,
				B5474F752860CBD10029F031 /* FirebaseConfig.swift in Sources */,
				B5474F7D2860CBF00029F031 /* Snapshottable.swift in Sources */,
				B5C64DB9286B342E004B2727 /* Int+Of.swift in Sources */,
				B5474F8E2860CC8D0029F031 /* ItemsVM.swift in Sources */,
				B5DCC4E62864F4FE00DC3F08 /* CommentView.swift in Sources */,
				B5474F612860B6F20029F031 /* NavigationCustomTitleView.swift in Sources */,
				B55156FC286332CB004FA63B /* String+Host.swift in Sources */,
				B5474F8B2860CC8D0029F031 /* HackerNewsItem.swift in Sources */,
				B5DCC4DF2864996300DC3F08 /* View+LoadingPlaceHolder.swift in Sources */,
				B5474F802860CBF00029F031 /* Firebasable.swift in Sources */,
				B5FE01602861E14C0019423F /* HackerNewsCommentToggler.swift in Sources */,
				B5DCC4E42864F01500DC3F08 /* CommentsVM.swift in Sources */,
				B5474F892860CC8D0029F031 /* HackerNewsFilter.swift in Sources */,
				B5FE01402861D3C70019423F /* HackerNewsComment.swift in Sources */,
				B5474F5F2860B5360029F031 /* CommentsView.swift in Sources */,
				B5474F2F2860AD720029F031 /* HackerNewsCommentsApp.swift in Sources */,
				B5474F8C2860CC8D0029F031 /* ItemVM.swift in Sources */,
				B5C64DB72869D6DF004B2727 /* HTML2TextParser.swift in Sources */,
				B5FE01612861E14C0019423F /* HackerNewsCommentBridge.swift in Sources */,
				B5FE01652861E14C0019423F /* HackerNewsCommentFlattener.swift in Sources */,
				B5FE01682861E1810019423F /* Togglable.swift in Sources */,
				B5DCC4EC2869C21500DC3F08 /* AttributedText.swift in Sources */,
				B5474F642860BD190029F031 /* UINavigationController+UIGestureRecognizerDelegate.swift in Sources */,
				B5FE01632861E14C0019423F /* HackerNewsCommentFormatter.swift in Sources */,
			);
			runOnlyForDeploymentPostprocessing = 0;
		};
		B5474F372860AD740029F031 /* Sources */ = {
			isa = PBXSourcesBuildPhase;
			buildActionMask = 2147483647;
			files = (
				B5FE01582861E0A50019423F /* HackerNewsFilterTests.swift in Sources */,
				B5FE01532861E0A50019423F /* HackerNewsCommentFlattenerTests.swift in Sources */,
				B5FE01542861E0A50019423F /* HackerNewsCommentBridgeTests.swift in Sources */,
				B5474F402860AD740029F031 /* HackerNewsCommentsTests.swift in Sources */,
				B5FE01562861E0A50019423F /* HackerNewsCommentsFactoryTests.swift in Sources */,
				B5FE01552861E0A50019423F /* HackerNewsCommentTogglerTests.swift in Sources */,
				B5FE01572861E0A50019423F /* HackerNewsCommentFormatterTests.swift in Sources */,
				B5FE01592861E0A50019423F /* FirebaseAPITests.swift in Sources */,
			);
			runOnlyForDeploymentPostprocessing = 0;
		};
		B5474F412860AD740029F031 /* Sources */ = {
			isa = PBXSourcesBuildPhase;
			buildActionMask = 2147483647;
			files = (
				B5474F4A2860AD740029F031 /* HackerNewsCommentsUITests.swift in Sources */,
				B5474F4C2860AD740029F031 /* HackerNewsCommentsUITestsLaunchTests.swift in Sources */,
			);
			runOnlyForDeploymentPostprocessing = 0;
		};
/* End PBXSourcesBuildPhase section */

/* Begin PBXTargetDependency section */
		B5474F3D2860AD740029F031 /* PBXTargetDependency */ = {
			isa = PBXTargetDependency;
			target = B5474F2A2860AD720029F031 /* HackerNewsComments */;
			targetProxy = B5474F3C2860AD740029F031 /* PBXContainerItemProxy */;
		};
		B5474F472860AD740029F031 /* PBXTargetDependency */ = {
			isa = PBXTargetDependency;
			target = B5474F2A2860AD720029F031 /* HackerNewsComments */;
			targetProxy = B5474F462860AD740029F031 /* PBXContainerItemProxy */;
		};
/* End PBXTargetDependency section */

/* Begin XCBuildConfiguration section */
		B5474F4D2860AD740029F031 /* Debug */ = {
			isa = XCBuildConfiguration;
			buildSettings = {
				ALWAYS_SEARCH_USER_PATHS = NO;
				CLANG_ANALYZER_NONNULL = YES;
				CLANG_ANALYZER_NUMBER_OBJECT_CONVERSION = YES_AGGRESSIVE;
				CLANG_CXX_LANGUAGE_STANDARD = "gnu++17";
				CLANG_ENABLE_MODULES = YES;
				CLANG_ENABLE_OBJC_ARC = YES;
				CLANG_ENABLE_OBJC_WEAK = YES;
				CLANG_WARN_BLOCK_CAPTURE_AUTORELEASING = YES;
				CLANG_WARN_BOOL_CONVERSION = YES;
				CLANG_WARN_COMMA = YES;
				CLANG_WARN_CONSTANT_CONVERSION = YES;
				CLANG_WARN_DEPRECATED_OBJC_IMPLEMENTATIONS = YES;
				CLANG_WARN_DIRECT_OBJC_ISA_USAGE = YES_ERROR;
				CLANG_WARN_DOCUMENTATION_COMMENTS = YES;
				CLANG_WARN_EMPTY_BODY = YES;
				CLANG_WARN_ENUM_CONVERSION = YES;
				CLANG_WARN_INFINITE_RECURSION = YES;
				CLANG_WARN_INT_CONVERSION = YES;
				CLANG_WARN_NON_LITERAL_NULL_CONVERSION = YES;
				CLANG_WARN_OBJC_IMPLICIT_RETAIN_SELF = YES;
				CLANG_WARN_OBJC_LITERAL_CONVERSION = YES;
				CLANG_WARN_OBJC_ROOT_CLASS = YES_ERROR;
				CLANG_WARN_QUOTED_INCLUDE_IN_FRAMEWORK_HEADER = YES;
				CLANG_WARN_RANGE_LOOP_ANALYSIS = YES;
				CLANG_WARN_STRICT_PROTOTYPES = YES;
				CLANG_WARN_SUSPICIOUS_MOVE = YES;
				CLANG_WARN_UNGUARDED_AVAILABILITY = YES_AGGRESSIVE;
				CLANG_WARN_UNREACHABLE_CODE = YES;
				CLANG_WARN__DUPLICATE_METHOD_MATCH = YES;
				COPY_PHASE_STRIP = NO;
				DEBUG_INFORMATION_FORMAT = dwarf;
				ENABLE_STRICT_OBJC_MSGSEND = YES;
				ENABLE_TESTABILITY = YES;
				GCC_C_LANGUAGE_STANDARD = gnu11;
				GCC_DYNAMIC_NO_PIC = NO;
				GCC_NO_COMMON_BLOCKS = YES;
				GCC_OPTIMIZATION_LEVEL = 0;
				GCC_PREPROCESSOR_DEFINITIONS = (
					"DEBUG=1",
					"$(inherited)",
				);
				GCC_WARN_64_TO_32_BIT_CONVERSION = YES;
				GCC_WARN_ABOUT_RETURN_TYPE = YES_ERROR;
				GCC_WARN_UNDECLARED_SELECTOR = YES;
				GCC_WARN_UNINITIALIZED_AUTOS = YES_AGGRESSIVE;
				GCC_WARN_UNUSED_FUNCTION = YES;
				GCC_WARN_UNUSED_VARIABLE = YES;
				IPHONEOS_DEPLOYMENT_TARGET = 14.0;
				MTL_ENABLE_DEBUG_INFO = INCLUDE_SOURCE;
				MTL_FAST_MATH = YES;
				ONLY_ACTIVE_ARCH = YES;
				SDKROOT = iphoneos;
				SWIFT_ACTIVE_COMPILATION_CONDITIONS = DEBUG;
				SWIFT_OPTIMIZATION_LEVEL = "-Onone";
			};
			name = Debug;
		};
		B5474F4E2860AD740029F031 /* Release */ = {
			isa = XCBuildConfiguration;
			buildSettings = {
				ALWAYS_SEARCH_USER_PATHS = NO;
				CLANG_ANALYZER_NONNULL = YES;
				CLANG_ANALYZER_NUMBER_OBJECT_CONVERSION = YES_AGGRESSIVE;
				CLANG_CXX_LANGUAGE_STANDARD = "gnu++17";
				CLANG_ENABLE_MODULES = YES;
				CLANG_ENABLE_OBJC_ARC = YES;
				CLANG_ENABLE_OBJC_WEAK = YES;
				CLANG_WARN_BLOCK_CAPTURE_AUTORELEASING = YES;
				CLANG_WARN_BOOL_CONVERSION = YES;
				CLANG_WARN_COMMA = YES;
				CLANG_WARN_CONSTANT_CONVERSION = YES;
				CLANG_WARN_DEPRECATED_OBJC_IMPLEMENTATIONS = YES;
				CLANG_WARN_DIRECT_OBJC_ISA_USAGE = YES_ERROR;
				CLANG_WARN_DOCUMENTATION_COMMENTS = YES;
				CLANG_WARN_EMPTY_BODY = YES;
				CLANG_WARN_ENUM_CONVERSION = YES;
				CLANG_WARN_INFINITE_RECURSION = YES;
				CLANG_WARN_INT_CONVERSION = YES;
				CLANG_WARN_NON_LITERAL_NULL_CONVERSION = YES;
				CLANG_WARN_OBJC_IMPLICIT_RETAIN_SELF = YES;
				CLANG_WARN_OBJC_LITERAL_CONVERSION = YES;
				CLANG_WARN_OBJC_ROOT_CLASS = YES_ERROR;
				CLANG_WARN_QUOTED_INCLUDE_IN_FRAMEWORK_HEADER = YES;
				CLANG_WARN_RANGE_LOOP_ANALYSIS = YES;
				CLANG_WARN_STRICT_PROTOTYPES = YES;
				CLANG_WARN_SUSPICIOUS_MOVE = YES;
				CLANG_WARN_UNGUARDED_AVAILABILITY = YES_AGGRESSIVE;
				CLANG_WARN_UNREACHABLE_CODE = YES;
				CLANG_WARN__DUPLICATE_METHOD_MATCH = YES;
				COPY_PHASE_STRIP = NO;
				DEBUG_INFORMATION_FORMAT = "dwarf-with-dsym";
				ENABLE_NS_ASSERTIONS = NO;
				ENABLE_STRICT_OBJC_MSGSEND = YES;
				GCC_C_LANGUAGE_STANDARD = gnu11;
				GCC_NO_COMMON_BLOCKS = YES;
				GCC_WARN_64_TO_32_BIT_CONVERSION = YES;
				GCC_WARN_ABOUT_RETURN_TYPE = YES_ERROR;
				GCC_WARN_UNDECLARED_SELECTOR = YES;
				GCC_WARN_UNINITIALIZED_AUTOS = YES_AGGRESSIVE;
				GCC_WARN_UNUSED_FUNCTION = YES;
				GCC_WARN_UNUSED_VARIABLE = YES;
				IPHONEOS_DEPLOYMENT_TARGET = 14.0;
				MTL_ENABLE_DEBUG_INFO = NO;
				MTL_FAST_MATH = YES;
				SDKROOT = iphoneos;
				SWIFT_COMPILATION_MODE = wholemodule;
				SWIFT_OPTIMIZATION_LEVEL = "-O";
				VALIDATE_PRODUCT = YES;
			};
			name = Release;
		};
		B5474F502860AD740029F031 /* Debug */ = {
			isa = XCBuildConfiguration;
			buildSettings = {
				ASSETCATALOG_COMPILER_APPICON_NAME = AppIcon;
				ASSETCATALOG_COMPILER_GLOBAL_ACCENT_COLOR_NAME = AccentColor;
				CODE_SIGN_STYLE = Automatic;
				CURRENT_PROJECT_VERSION = 1;
				DEVELOPMENT_ASSET_PATHS = "\"HackerNewsComments/Preview Content\"";
				DEVELOPMENT_TEAM = SSTDKCYHQ9;
				ENABLE_PREVIEWS = YES;
				GENERATE_INFOPLIST_FILE = YES;
				INFOPLIST_KEY_UIApplicationSceneManifest_Generation = YES;
				INFOPLIST_KEY_UIApplicationSupportsIndirectInputEvents = YES;
				INFOPLIST_KEY_UILaunchScreen_Generation = YES;
				INFOPLIST_KEY_UISupportedInterfaceOrientations = UIInterfaceOrientationPortrait;
				INFOPLIST_KEY_UISupportedInterfaceOrientations_iPad = "UIInterfaceOrientationPortrait UIInterfaceOrientationPortraitUpsideDown UIInterfaceOrientationLandscapeLeft UIInterfaceOrientationLandscapeRight";
				INFOPLIST_KEY_UISupportedInterfaceOrientations_iPhone = "UIInterfaceOrientationPortrait UIInterfaceOrientationLandscapeLeft UIInterfaceOrientationLandscapeRight";
				IPHONEOS_DEPLOYMENT_TARGET = 14.0;
				LD_RUNPATH_SEARCH_PATHS = (
					"$(inherited)",
					"@executable_path/Frameworks",
				);
				MARKETING_VERSION = 1.0;
				PRODUCT_BUNDLE_IDENTIFIER = inhouse23.HackerNewsComments;
				PRODUCT_NAME = "$(TARGET_NAME)";
				SWIFT_EMIT_LOC_STRINGS = YES;
				SWIFT_VERSION = 5.0;
				TARGETED_DEVICE_FAMILY = 1;
			};
			name = Debug;
		};
		B5474F512860AD740029F031 /* Release */ = {
			isa = XCBuildConfiguration;
			buildSettings = {
				ASSETCATALOG_COMPILER_APPICON_NAME = AppIcon;
				ASSETCATALOG_COMPILER_GLOBAL_ACCENT_COLOR_NAME = AccentColor;
				CODE_SIGN_STYLE = Automatic;
				CURRENT_PROJECT_VERSION = 1;
				DEVELOPMENT_ASSET_PATHS = "\"HackerNewsComments/Preview Content\"";
				DEVELOPMENT_TEAM = SSTDKCYHQ9;
				ENABLE_PREVIEWS = YES;
				GENERATE_INFOPLIST_FILE = YES;
				INFOPLIST_KEY_UIApplicationSceneManifest_Generation = YES;
				INFOPLIST_KEY_UIApplicationSupportsIndirectInputEvents = YES;
				INFOPLIST_KEY_UILaunchScreen_Generation = YES;
				INFOPLIST_KEY_UISupportedInterfaceOrientations = UIInterfaceOrientationPortrait;
				INFOPLIST_KEY_UISupportedInterfaceOrientations_iPad = "UIInterfaceOrientationPortrait UIInterfaceOrientationPortraitUpsideDown UIInterfaceOrientationLandscapeLeft UIInterfaceOrientationLandscapeRight";
				INFOPLIST_KEY_UISupportedInterfaceOrientations_iPhone = "UIInterfaceOrientationPortrait UIInterfaceOrientationLandscapeLeft UIInterfaceOrientationLandscapeRight";
				IPHONEOS_DEPLOYMENT_TARGET = 14.0;
				LD_RUNPATH_SEARCH_PATHS = (
					"$(inherited)",
					"@executable_path/Frameworks",
				);
				MARKETING_VERSION = 1.0;
				PRODUCT_BUNDLE_IDENTIFIER = inhouse23.HackerNewsComments;
				PRODUCT_NAME = "$(TARGET_NAME)";
				SWIFT_EMIT_LOC_STRINGS = YES;
				SWIFT_VERSION = 5.0;
				TARGETED_DEVICE_FAMILY = 1;
			};
			name = Release;
		};
		B5474F532860AD740029F031 /* Debug */ = {
			isa = XCBuildConfiguration;
			buildSettings = {
				ALWAYS_EMBED_SWIFT_STANDARD_LIBRARIES = YES;
				BUNDLE_LOADER = "$(TEST_HOST)";
				CODE_SIGN_STYLE = Automatic;
				CURRENT_PROJECT_VERSION = 1;
				DEVELOPMENT_TEAM = SSTDKCYHQ9;
				GENERATE_INFOPLIST_FILE = YES;
				IPHONEOS_DEPLOYMENT_TARGET = 15.4;
				MARKETING_VERSION = 1.0;
				PRODUCT_BUNDLE_IDENTIFIER = inhouse23.HackerNewsCommentsTests;
				PRODUCT_NAME = "$(TARGET_NAME)";
				SWIFT_EMIT_LOC_STRINGS = NO;
				SWIFT_VERSION = 5.0;
				TARGETED_DEVICE_FAMILY = "1,2";
				TEST_HOST = "$(BUILT_PRODUCTS_DIR)/HackerNewsComments.app/HackerNewsComments";
			};
			name = Debug;
		};
		B5474F542860AD740029F031 /* Release */ = {
			isa = XCBuildConfiguration;
			buildSettings = {
				ALWAYS_EMBED_SWIFT_STANDARD_LIBRARIES = YES;
				BUNDLE_LOADER = "$(TEST_HOST)";
				CODE_SIGN_STYLE = Automatic;
				CURRENT_PROJECT_VERSION = 1;
				DEVELOPMENT_TEAM = SSTDKCYHQ9;
				GENERATE_INFOPLIST_FILE = YES;
				IPHONEOS_DEPLOYMENT_TARGET = 15.4;
				MARKETING_VERSION = 1.0;
				PRODUCT_BUNDLE_IDENTIFIER = inhouse23.HackerNewsCommentsTests;
				PRODUCT_NAME = "$(TARGET_NAME)";
				SWIFT_EMIT_LOC_STRINGS = NO;
				SWIFT_VERSION = 5.0;
				TARGETED_DEVICE_FAMILY = "1,2";
				TEST_HOST = "$(BUILT_PRODUCTS_DIR)/HackerNewsComments.app/HackerNewsComments";
			};
			name = Release;
		};
		B5474F562860AD740029F031 /* Debug */ = {
			isa = XCBuildConfiguration;
			buildSettings = {
				ALWAYS_EMBED_SWIFT_STANDARD_LIBRARIES = YES;
				CODE_SIGN_STYLE = Automatic;
				CURRENT_PROJECT_VERSION = 1;
				DEVELOPMENT_TEAM = SSTDKCYHQ9;
				GENERATE_INFOPLIST_FILE = YES;
				MARKETING_VERSION = 1.0;
				PRODUCT_BUNDLE_IDENTIFIER = inhouse23.HackerNewsCommentsUITests;
				PRODUCT_NAME = "$(TARGET_NAME)";
				SWIFT_EMIT_LOC_STRINGS = NO;
				SWIFT_VERSION = 5.0;
				TARGETED_DEVICE_FAMILY = "1,2";
				TEST_TARGET_NAME = HackerNewsComments;
			};
			name = Debug;
		};
		B5474F572860AD740029F031 /* Release */ = {
			isa = XCBuildConfiguration;
			buildSettings = {
				ALWAYS_EMBED_SWIFT_STANDARD_LIBRARIES = YES;
				CODE_SIGN_STYLE = Automatic;
				CURRENT_PROJECT_VERSION = 1;
				DEVELOPMENT_TEAM = SSTDKCYHQ9;
				GENERATE_INFOPLIST_FILE = YES;
				MARKETING_VERSION = 1.0;
				PRODUCT_BUNDLE_IDENTIFIER = inhouse23.HackerNewsCommentsUITests;
				PRODUCT_NAME = "$(TARGET_NAME)";
				SWIFT_EMIT_LOC_STRINGS = NO;
				SWIFT_VERSION = 5.0;
				TARGETED_DEVICE_FAMILY = "1,2";
				TEST_TARGET_NAME = HackerNewsComments;
			};
			name = Release;
		};
/* End XCBuildConfiguration section */

/* Begin XCConfigurationList section */
		B5474F262860AD720029F031 /* Build configuration list for PBXProject "HackerNewsComments" */ = {
			isa = XCConfigurationList;
			buildConfigurations = (
				B5474F4D2860AD740029F031 /* Debug */,
				B5474F4E2860AD740029F031 /* Release */,
			);
			defaultConfigurationIsVisible = 0;
			defaultConfigurationName = Release;
		};
		B5474F4F2860AD740029F031 /* Build configuration list for PBXNativeTarget "HackerNewsComments" */ = {
			isa = XCConfigurationList;
			buildConfigurations = (
				B5474F502860AD740029F031 /* Debug */,
				B5474F512860AD740029F031 /* Release */,
			);
			defaultConfigurationIsVisible = 0;
			defaultConfigurationName = Release;
		};
		B5474F522860AD740029F031 /* Build configuration list for PBXNativeTarget "HackerNewsCommentsTests" */ = {
			isa = XCConfigurationList;
			buildConfigurations = (
				B5474F532860AD740029F031 /* Debug */,
				B5474F542860AD740029F031 /* Release */,
			);
			defaultConfigurationIsVisible = 0;
			defaultConfigurationName = Release;
		};
		B5474F552860AD740029F031 /* Build configuration list for PBXNativeTarget "HackerNewsCommentsUITests" */ = {
			isa = XCConfigurationList;
			buildConfigurations = (
				B5474F562860AD740029F031 /* Debug */,
				B5474F572860AD740029F031 /* Release */,
			);
			defaultConfigurationIsVisible = 0;
			defaultConfigurationName = Release;
		};
/* End XCConfigurationList section */

/* Begin XCRemoteSwiftPackageReference section */
		B5474F6D2860CB1D0029F031 /* XCRemoteSwiftPackageReference "firebase-ios-sdk" */ = {
			isa = XCRemoteSwiftPackageReference;
			repositoryURL = "https://github.com/firebase/firebase-ios-sdk";
			requirement = {
				kind = upToNextMajorVersion;
				minimumVersion = 9.0.0;
			};
		};
		B5FE01412861D5020019423F /* XCRemoteSwiftPackageReference "firebase-ios-sdk" */ = {
			isa = XCRemoteSwiftPackageReference;
			repositoryURL = "https://github.com/firebase/firebase-ios-sdk";
			requirement = {
				branch = master;
				kind = branch;
			};
		};
/* End XCRemoteSwiftPackageReference section */

/* Begin XCSwiftPackageProductDependency section */
		B5474F6E2860CB1D0029F031 /* FirebaseDatabase */ = {
			isa = XCSwiftPackageProductDependency;
			package = B5474F6D2860CB1D0029F031 /* XCRemoteSwiftPackageReference "firebase-ios-sdk" */;
			productName = FirebaseDatabase;
		};
		B5FE01422861D5020019423F /* FirebaseAuth */ = {
			isa = XCSwiftPackageProductDependency;
			package = B5FE01412861D5020019423F /* XCRemoteSwiftPackageReference "firebase-ios-sdk" */;
			productName = FirebaseAuth;
		};
		B5FE01442861D5020019423F /* FirebaseDatabaseSwift */ = {
			isa = XCSwiftPackageProductDependency;
			package = B5FE01412861D5020019423F /* XCRemoteSwiftPackageReference "firebase-ios-sdk" */;
			productName = FirebaseDatabaseSwift;
		};
		B5FE01462861D5020019423F /* FirebaseFirestore */ = {
			isa = XCSwiftPackageProductDependency;
			package = B5FE01412861D5020019423F /* XCRemoteSwiftPackageReference "firebase-ios-sdk" */;
			productName = FirebaseFirestore;
		};
		B5FE01482861D5020019423F /* FirebaseFirestoreSwift */ = {
			isa = XCSwiftPackageProductDependency;
			package = B5FE01412861D5020019423F /* XCRemoteSwiftPackageReference "firebase-ios-sdk" */;
			productName = FirebaseFirestoreSwift;
		};
		B5FE014A2861D5020019423F /* FirebaseStorage */ = {
			isa = XCSwiftPackageProductDependency;
			package = B5FE01412861D5020019423F /* XCRemoteSwiftPackageReference "firebase-ios-sdk" */;
			productName = FirebaseStorage;
		};
/* End XCSwiftPackageProductDependency section */
	};
	rootObject = B5474F232860AD720029F031 /* Project object */;
}
