// !$*UTF8*$!
{
	archiveVersion = 1;
	classes = {
	};
	objectVersion = 55;
	objects = {

/* Begin PBXBuildFile section */
		B5474F2F2860AD720029F031 /* HackerNewsCommentsApp.swift in Sources */ = {isa = PBXBuildFile; fileRef = B5474F2E2860AD720029F031 /* HackerNewsCommentsApp.swift */; };
		B5474F312860AD720029F031 /* ContentView.swift in Sources */ = {isa = PBXBuildFile; fileRef = B5474F302860AD720029F031 /* ContentView.swift */; };
		B5474F332860AD740029F031 /* Assets.xcassets in Resources */ = {isa = PBXBuildFile; fileRef = B5474F322860AD740029F031 /* Assets.xcassets */; };
		B5474F362860AD740029F031 /* Preview Assets.xcassets in Resources */ = {isa = PBXBuildFile; fileRef = B5474F352860AD740029F031 /* Preview Assets.xcassets */; };
		B5474F402860AD740029F031 /* HackerNewsCommentsTests.swift in Sources */ = {isa = PBXBuildFile; fileRef = B5474F3F2860AD740029F031 /* HackerNewsCommentsTests.swift */; };
		B5474F4A2860AD740029F031 /* HackerNewsCommentsUITests.swift in Sources */ = {isa = PBXBuildFile; fileRef = B5474F492860AD740029F031 /* HackerNewsCommentsUITests.swift */; };
		B5474F4C2860AD740029F031 /* HackerNewsCommentsUITestsLaunchTests.swift in Sources */ = {isa = PBXBuildFile; fileRef = B5474F4B2860AD740029F031 /* HackerNewsCommentsUITestsLaunchTests.swift */; };
/* End PBXBuildFile section */

/* Begin PBXContainerItemProxy section */
		B5474F3C2860AD740029F031 /* PBXContainerItemProxy */ = {
			isa = PBXContainerItemProxy;
			containerPortal = B5474F232860AD720029F031 /* Project object */;
			proxyType = 1;
			remoteGlobalIDString = B5474F2A2860AD720029F031;
			remoteInfo = HackerNewsComments;
		};
		B5474F462860AD740029F031 /* PBXContainerItemProxy */ = {
			isa = PBXContainerItemProxy;
			containerPortal = B5474F232860AD720029F031 /* Project object */;
			proxyType = 1;
			remoteGlobalIDString = B5474F2A2860AD720029F031;
			remoteInfo = HackerNewsComments;
		};
/* End PBXContainerItemProxy section */

/* Begin PBXFileReference section */
		B5474F2B2860AD720029F031 /* HackerNewsComments.app */ = {isa = PBXFileReference; explicitFileType = wrapper.application; includeInIndex = 0; path = HackerNewsComments.app; sourceTree = BUILT_PRODUCTS_DIR; };
		B5474F2E2860AD720029F031 /* HackerNewsCommentsApp.swift */ = {isa = PBXFileReference; lastKnownFileType = sourcecode.swift; path = HackerNewsCommentsApp.swift; sourceTree = "<group>"; };
		B5474F302860AD720029F031 /* ContentView.swift */ = {isa = PBXFileReference; lastKnownFileType = sourcecode.swift; path = ContentView.swift; sourceTree = "<group>"; };
		B5474F322860AD740029F031 /* Assets.xcassets */ = {isa = PBXFileReference; lastKnownFileType = folder.assetcatalog; path = Assets.xcassets; sourceTree = "<group>"; };
		B5474F352860AD740029F031 /* Preview Assets.xcassets */ = {isa = PBXFileReference; lastKnownFileType = folder.assetcatalog; path = "Preview Assets.xcassets"; sourceTree = "<group>"; };
		B5474F3B2860AD740029F031 /* HackerNewsCommentsTests.xctest */ = {isa = PBXFileReference; explicitFileType = wrapper.cfbundle; includeInIndex = 0; path = HackerNewsCommentsTests.xctest; sourceTree = BUILT_PRODUCTS_DIR; };
		B5474F3F2860AD740029F031 /* HackerNewsCommentsTests.swift */ = {isa = PBXFileReference; lastKnownFileType = sourcecode.swift; path = HackerNewsCommentsTests.swift; sourceTree = "<group>"; };
		B5474F452860AD740029F031 /* HackerNewsCommentsUITests.xctest */ = {isa = PBXFileReference; explicitFileType = wrapper.cfbundle; includeInIndex = 0; path = HackerNewsCommentsUITests.xctest; sourceTree = BUILT_PRODUCTS_DIR; };
		B5474F492860AD740029F031 /* HackerNewsCommentsUITests.swift */ = {isa = PBXFileReference; lastKnownFileType = sourcecode.swift; path = HackerNewsCommentsUITests.swift; sourceTree = "<group>"; };
		B5474F4B2860AD740029F031 /* HackerNewsCommentsUITestsLaunchTests.swift */ = {isa = PBXFileReference; lastKnownFileType = sourcecode.swift; path = HackerNewsCommentsUITestsLaunchTests.swift; sourceTree = "<group>"; };
/* End PBXFileReference section */

/* Begin PBXFrameworksBuildPhase section */
		B5474F282860AD720029F031 /* Frameworks */ = {
			isa = PBXFrameworksBuildPhase;
			buildActionMask = 2147483647;
			files = (
			);
			runOnlyForDeploymentPostprocessing = 0;
		};
		B5474F382860AD740029F031 /* Frameworks */ = {
			isa = PBXFrameworksBuildPhase;
			buildActionMask = 2147483647;
			files = (
			);
			runOnlyForDeploymentPostprocessing = 0;
		};
		B5474F422860AD740029F031 /* Frameworks */ = {
			isa = PBXFrameworksBuildPhase;
			buildActionMask = 2147483647;
			files = (
			);
			runOnlyForDeploymentPostprocessing = 0;
		};
/* End PBXFrameworksBuildPhase section */

/* Begin PBXGroup section */
		B5474F222860AD720029F031 = {
			isa = PBXGroup;
			children = (
				B5474F2D2860AD720029F031 /* HackerNewsComments */,
				B5474F3E2860AD740029F031 /* HackerNewsCommentsTests */,
				B5474F482860AD740029F031 /* HackerNewsCommentsUITests */,
				B5474F2C2860AD720029F031 /* Products */,
			);
			sourceTree = "<group>";
		};
		B5474F2C2860AD720029F031 /* Products */ = {
			isa = PBXGroup;
			children = (
				B5474F2B2860AD720029F031 /* HackerNewsComments.app */,
				B5474F3B2860AD740029F031 /* HackerNewsCommentsTests.xctest */,
				B5474F452860AD740029F031 /* HackerNewsCommentsUITests.xctest */,
			);
			name = Products;
			sourceTree = "<group>";
		};
		B5474F2D2860AD720029F031 /* HackerNewsComments */ = {
			isa = PBXGroup;
			children = (
				B5474F2E2860AD720029F031 /* HackerNewsCommentsApp.swift */,
				B5474F302860AD720029F031 /* ContentView.swift */,
				B5474F322860AD740029F031 /* Assets.xcassets */,
				B5474F342860AD740029F031 /* Preview Content */,
			);
			path = HackerNewsComments;
			sourceTree = "<group>";
		};
		B5474F342860AD740029F031 /* Preview Content */ = {
			isa = PBXGroup;
			children = (
				B5474F352860AD740029F031 /* Preview Assets.xcassets */,
			);
			path = "Preview Content";
			sourceTree = "<group>";
		};
		B5474F3E2860AD740029F031 /* HackerNewsCommentsTests */ = {
			isa = PBXGroup;
			children = (
				B5474F3F2860AD740029F031 /* HackerNewsCommentsTests.swift */,
			);
			path = HackerNewsCommentsTests;
			sourceTree = "<group>";
		};
		B5474F482860AD740029F031 /* HackerNewsCommentsUITests */ = {
			isa = PBXGroup;
			children = (
				B5474F492860AD740029F031 /* HackerNewsCommentsUITests.swift */,
				B5474F4B2860AD740029F031 /* HackerNewsCommentsUITestsLaunchTests.swift */,
			);
			path = HackerNewsCommentsUITests;
			sourceTree = "<group>";
		};
/* End PBXGroup section */

/* Begin PBXNativeTarget section */
		B5474F2A2860AD720029F031 /* HackerNewsComments */ = {
			isa = PBXNativeTarget;
			buildConfigurationList = B5474F4F2860AD740029F031 /* Build configuration list for PBXNativeTarget "HackerNewsComments" */;
			buildPhases = (
				B5474F272860AD720029F031 /* Sources */,
				B5474F282860AD720029F031 /* Frameworks */,
				B5474F292860AD720029F031 /* Resources */,
			);
			buildRules = (
			);
			dependencies = (
			);
			name = HackerNewsComments;
			productName = HackerNewsComments;
			productReference = B5474F2B2860AD720029F031 /* HackerNewsComments.app */;
			productType = "com.apple.product-type.application";
		};
		B5474F3A2860AD740029F031 /* HackerNewsCommentsTests */ = {
			isa = PBXNativeTarget;
			buildConfigurationList = B5474F522860AD740029F031 /* Build configuration list for PBXNativeTarget "HackerNewsCommentsTests" */;
			buildPhases = (
				B5474F372860AD740029F031 /* Sources */,
				B5474F382860AD740029F031 /* Frameworks */,
				B5474F392860AD740029F031 /* Resources */,
			);
			buildRules = (
			);
			dependencies = (
				B5474F3D2860AD740029F031 /* PBXTargetDependency */,
			);
			name = HackerNewsCommentsTests;
			productName = HackerNewsCommentsTests;
			productReference = B5474F3B2860AD740029F031 /* HackerNewsCommentsTests.xctest */;
			productType = "com.apple.product-type.bundle.unit-test";
		};
		B5474F442860AD740029F031 /* HackerNewsCommentsUITests */ = {
			isa = PBXNativeTarget;
			buildConfigurationList = B5474F552860AD740029F031 /* Build configuration list for PBXNativeTarget "HackerNewsCommentsUITests" */;
			buildPhases = (
				B5474F412860AD740029F031 /* Sources */,
				B5474F422860AD740029F031 /* Frameworks */,
				B5474F432860AD740029F031 /* Resources */,
			);
			buildRules = (
			);
			dependencies = (
				B5474F472860AD740029F031 /* PBXTargetDependency */,
			);
			name = HackerNewsCommentsUITests;
			productName = HackerNewsCommentsUITests;
			productReference = B5474F452860AD740029F031 /* HackerNewsCommentsUITests.xctest */;
			productType = "com.apple.product-type.bundle.ui-testing";
		};
/* End PBXNativeTarget section */

/* Begin PBXProject section */
		B5474F232860AD720029F031 /* Project object */ = {
			isa = PBXProject;
			attributes = {
				BuildIndependentTargetsInParallel = 1;
				LastSwiftUpdateCheck = 1330;
				LastUpgradeCheck = 1330;
				TargetAttributes = {
					B5474F2A2860AD720029F031 = {
						CreatedOnToolsVersion = 13.3.1;
					};
					B5474F3A2860AD740029F031 = {
						CreatedOnToolsVersion = 13.3.1;
						TestTargetID = B5474F2A2860AD720029F031;
					};
					B5474F442860AD740029F031 = {
						CreatedOnToolsVersion = 13.3.1;
						TestTargetID = B5474F2A2860AD720029F031;
					};
				};
			};
			buildConfigurationList = B5474F262860AD720029F031 /* Build configuration list for PBXProject "HackerNewsComments" */;
			compatibilityVersion = "Xcode 13.0";
			developmentRegion = en;
			hasScannedForEncodings = 0;
			knownRegions = (
				en,
				Base,
			);
			mainGroup = B5474F222860AD720029F031;
			productRefGroup = B5474F2C2860AD720029F031 /* Products */;
			projectDirPath = "";
			projectRoot = "";
			targets = (
				B5474F2A2860AD720029F031 /* HackerNewsComments */,
				B5474F3A2860AD740029F031 /* HackerNewsCommentsTests */,
				B5474F442860AD740029F031 /* HackerNewsCommentsUITests */,
			);
		};
/* End PBXProject section */

/* Begin PBXResourcesBuildPhase section */
		B5474F292860AD720029F031 /* Resources */ = {
			isa = PBXResourcesBuildPhase;
			buildActionMask = 2147483647;
			files = (
				B5474F362860AD740029F031 /* Preview Assets.xcassets in Resources */,
				B5474F332860AD740029F031 /* Assets.xcassets in Resources */,
			);
			runOnlyForDeploymentPostprocessing = 0;
		};
		B5474F392860AD740029F031 /* Resources */ = {
			isa = PBXResourcesBuildPhase;
			buildActionMask = 2147483647;
			files = (
			);
			runOnlyForDeploymentPostprocessing = 0;
		};
		B5474F432860AD740029F031 /* Resources */ = {
			isa = PBXResourcesBuildPhase;
			buildActionMask = 2147483647;
			files = (
			);
			runOnlyForDeploymentPostprocessing = 0;
		};
/* End PBXResourcesBuildPhase section */

/* Begin PBXSourcesBuildPhase section */
		B5474F272860AD720029F031 /* Sources */ = {
			isa = PBXSourcesBuildPhase;
			buildActionMask = 2147483647;
			files = (
				B5474F312860AD720029F031 /* ContentView.swift in Sources */,
				B5474F2F2860AD720029F031 /* HackerNewsCommentsApp.swift in Sources */,
			);
			runOnlyForDeploymentPostprocessing = 0;
		};
		B5474F372860AD740029F031 /* Sources */ = {
			isa = PBXSourcesBuildPhase;
			buildActionMask = 2147483647;
			files = (
				B5474F402860AD740029F031 /* HackerNewsCommentsTests.swift in Sources */,
			);
			runOnlyForDeploymentPostprocessing = 0;
		};
		B5474F412860AD740029F031 /* Sources */ = {
			isa = PBXSourcesBuildPhase;
			buildActionMask = 2147483647;
			files = (
				B5474F4A2860AD740029F031 /* HackerNewsCommentsUITests.swift in Sources */,
				B5474F4C2860AD740029F031 /* HackerNewsCommentsUITestsLaunchTests.swift in Sources */,
			);
			runOnlyForDeploymentPostprocessing = 0;
		};
/* End PBXSourcesBuildPhase section */

/* Begin PBXTargetDependency section */
		B5474F3D2860AD740029F031 /* PBXTargetDependency */ = {
			isa = PBXTargetDependency;
			target = B5474F2A2860AD720029F031 /* HackerNewsComments */;
			targetProxy = B5474F3C2860AD740029F031 /* PBXContainerItemProxy */;
		};
		B5474F472860AD740029F031 /* PBXTargetDependency */ = {
			isa = PBXTargetDependency;
			target = B5474F2A2860AD720029F031 /* HackerNewsComments */;
			targetProxy = B5474F462860AD740029F031 /* PBXContainerItemProxy */;
		};
/* End PBXTargetDependency section */

/* Begin XCBuildConfiguration section */
		B5474F4D2860AD740029F031 /* Debug */ = {
			isa = XCBuildConfiguration;
			buildSettings = {
				ALWAYS_SEARCH_USER_PATHS = NO;
				CLANG_ANALYZER_NONNULL = YES;
				CLANG_ANALYZER_NUMBER_OBJECT_CONVERSION = YES_AGGRESSIVE;
				CLANG_CXX_LANGUAGE_STANDARD = "gnu++17";
				CLANG_ENABLE_MODULES = YES;
				CLANG_ENABLE_OBJC_ARC = YES;
				CLANG_ENABLE_OBJC_WEAK = YES;
				CLANG_WARN_BLOCK_CAPTURE_AUTORELEASING = YES;
				CLANG_WARN_BOOL_CONVERSION = YES;
				CLANG_WARN_COMMA = YES;
				CLANG_WARN_CONSTANT_CONVERSION = YES;
				CLANG_WARN_DEPRECATED_OBJC_IMPLEMENTATIONS = YES;
				CLANG_WARN_DIRECT_OBJC_ISA_USAGE = YES_ERROR;
				CLANG_WARN_DOCUMENTATION_COMMENTS = YES;
				CLANG_WARN_EMPTY_BODY = YES;
				CLANG_WARN_ENUM_CONVERSION = YES;
				CLANG_WARN_INFINITE_RECURSION = YES;
				CLANG_WARN_INT_CONVERSION = YES;
				CLANG_WARN_NON_LITERAL_NULL_CONVERSION = YES;
				CLANG_WARN_OBJC_IMPLICIT_RETAIN_SELF = YES;
				CLANG_WARN_OBJC_LITERAL_CONVERSION = YES;
				CLANG_WARN_OBJC_ROOT_CLASS = YES_ERROR;
				CLANG_WARN_QUOTED_INCLUDE_IN_FRAMEWORK_HEADER = YES;
				CLANG_WARN_RANGE_LOOP_ANALYSIS = YES;
				CLANG_WARN_STRICT_PROTOTYPES = YES;
				CLANG_WARN_SUSPICIOUS_MOVE = YES;
				CLANG_WARN_UNGUARDED_AVAILABILITY = YES_AGGRESSIVE;
				CLANG_WARN_UNREACHABLE_CODE = YES;
				CLANG_WARN__DUPLICATE_METHOD_MATCH = YES;
				COPY_PHASE_STRIP = NO;
				DEBUG_INFORMATION_FORMAT = dwarf;
				ENABLE_STRICT_OBJC_MSGSEND = YES;
				ENABLE_TESTABILITY = YES;
				GCC_C_LANGUAGE_STANDARD = gnu11;
				GCC_DYNAMIC_NO_PIC = NO;
				GCC_NO_COMMON_BLOCKS = YES;
				GCC_OPTIMIZATION_LEVEL = 0;
				GCC_PREPROCESSOR_DEFINITIONS = (
					"DEBUG=1",
					"$(inherited)",
				);
				GCC_WARN_64_TO_32_BIT_CONVERSION = YES;
				GCC_WARN_ABOUT_RETURN_TYPE = YES_ERROR;
				GCC_WARN_UNDECLARED_SELECTOR = YES;
				GCC_WARN_UNINITIALIZED_AUTOS = YES_AGGRESSIVE;
				GCC_WARN_UNUSED_FUNCTION = YES;
				GCC_WARN_UNUSED_VARIABLE = YES;
				IPHONEOS_DEPLOYMENT_TARGET = 15.4;
				MTL_ENABLE_DEBUG_INFO = INCLUDE_SOURCE;
				MTL_FAST_MATH = YES;
				ONLY_ACTIVE_ARCH = YES;
				SDKROOT = iphoneos;
				SWIFT_ACTIVE_COMPILATION_CONDITIONS = DEBUG;
				SWIFT_OPTIMIZATION_LEVEL = "-Onone";
			};
			name = Debug;
		};
		B5474F4E2860AD740029F031 /* Release */ = {
			isa = XCBuildConfiguration;
			buildSettings = {
				ALWAYS_SEARCH_USER_PATHS = NO;
				CLANG_ANALYZER_NONNULL = YES;
				CLANG_ANALYZER_NUMBER_OBJECT_CONVERSION = YES_AGGRESSIVE;
				CLANG_CXX_LANGUAGE_STANDARD = "gnu++17";
				CLANG_ENABLE_MODULES = YES;
				CLANG_ENABLE_OBJC_ARC = YES;
				CLANG_ENABLE_OBJC_WEAK = YES;
				CLANG_WARN_BLOCK_CAPTURE_AUTORELEASING = YES;
				CLANG_WARN_BOOL_CONVERSION = YES;
				CLANG_WARN_COMMA = YES;
				CLANG_WARN_CONSTANT_CONVERSION = YES;
				CLANG_WARN_DEPRECATED_OBJC_IMPLEMENTATIONS = YES;
				CLANG_WARN_DIRECT_OBJC_ISA_USAGE = YES_ERROR;
				CLANG_WARN_DOCUMENTATION_COMMENTS = YES;
				CLANG_WARN_EMPTY_BODY = YES;
				CLANG_WARN_ENUM_CONVERSION = YES;
				CLANG_WARN_INFINITE_RECURSION = YES;
				CLANG_WARN_INT_CONVERSION = YES;
				CLANG_WARN_NON_LITERAL_NULL_CONVERSION = YES;
				CLANG_WARN_OBJC_IMPLICIT_RETAIN_SELF = YES;
				CLANG_WARN_OBJC_LITERAL_CONVERSION = YES;
				CLANG_WARN_OBJC_ROOT_CLASS = YES_ERROR;
				CLANG_WARN_QUOTED_INCLUDE_IN_FRAMEWORK_HEADER = YES;
				CLANG_WARN_RANGE_LOOP_ANALYSIS = YES;
				CLANG_WARN_STRICT_PROTOTYPES = YES;
				CLANG_WARN_SUSPICIOUS_MOVE = YES;
				CLANG_WARN_UNGUARDED_AVAILABILITY = YES_AGGRESSIVE;
				CLANG_WARN_UNREACHABLE_CODE = YES;
				CLANG_WARN__DUPLICATE_METHOD_MATCH = YES;
				COPY_PHASE_STRIP = NO;
				DEBUG_INFORMATION_FORMAT = "dwarf-with-dsym";
				ENABLE_NS_ASSERTIONS = NO;
				ENABLE_STRICT_OBJC_MSGSEND = YES;
				GCC_C_LANGUAGE_STANDARD = gnu11;
				GCC_NO_COMMON_BLOCKS = YES;
				GCC_WARN_64_TO_32_BIT_CONVERSION = YES;
				GCC_WARN_ABOUT_RETURN_TYPE = YES_ERROR;
				GCC_WARN_UNDECLARED_SELECTOR = YES;
				GCC_WARN_UNINITIALIZED_AUTOS = YES_AGGRESSIVE;
				GCC_WARN_UNUSED_FUNCTION = YES;
				GCC_WARN_UNUSED_VARIABLE = YES;
				IPHONEOS_DEPLOYMENT_TARGET = 15.4;
				MTL_ENABLE_DEBUG_INFO = NO;
				MTL_FAST_MATH = YES;
				SDKROOT = iphoneos;
				SWIFT_COMPILATION_MODE = wholemodule;
				SWIFT_OPTIMIZATION_LEVEL = "-O";
				VALIDATE_PRODUCT = YES;
			};
			name = Release;
		};
		B5474F502860AD740029F031 /* Debug */ = {
			isa = XCBuildConfiguration;
			buildSettings = {
				ASSETCATALOG_COMPILER_APPICON_NAME = AppIcon;
				ASSETCATALOG_COMPILER_GLOBAL_ACCENT_COLOR_NAME = AccentColor;
				CODE_SIGN_STYLE = Automatic;
				CURRENT_PROJECT_VERSION = 1;
				DEVELOPMENT_ASSET_PATHS = "\"HackerNewsComments/Preview Content\"";
				DEVELOPMENT_TEAM = SSTDKCYHQ9;
				ENABLE_PREVIEWS = YES;
				GENERATE_INFOPLIST_FILE = YES;
				INFOPLIST_KEY_UIApplicationSceneManifest_Generation = YES;
				INFOPLIST_KEY_UIApplicationSupportsIndirectInputEvents = YES;
				INFOPLIST_KEY_UILaunchScreen_Generation = YES;
				INFOPLIST_KEY_UISupportedInterfaceOrientations_iPad = "UIInterfaceOrientationPortrait UIInterfaceOrientationPortraitUpsideDown UIInterfaceOrientationLandscapeLeft UIInterfaceOrientationLandscapeRight";
				INFOPLIST_KEY_UISupportedInterfaceOrientations_iPhone = "UIInterfaceOrientationPortrait UIInterfaceOrientationLandscapeLeft UIInterfaceOrientationLandscapeRight";
				LD_RUNPATH_SEARCH_PATHS = (
					"$(inherited)",
					"@executable_path/Frameworks",
				);
				MARKETING_VERSION = 1.0;
				PRODUCT_BUNDLE_IDENTIFIER = inhouse23.HackerNewsComments;
				PRODUCT_NAME = "$(TARGET_NAME)";
				SWIFT_EMIT_LOC_STRINGS = YES;
				SWIFT_VERSION = 5.0;
				TARGETED_DEVICE_FAMILY = "1,2";
			};
			name = Debug;
		};
		B5474F512860AD740029F031 /* Release */ = {
			isa = XCBuildConfiguration;
			buildSettings = {
				ASSETCATALOG_COMPILER_APPICON_NAME = AppIcon;
				ASSETCATALOG_COMPILER_GLOBAL_ACCENT_COLOR_NAME = AccentColor;
				CODE_SIGN_STYLE = Automatic;
				CURRENT_PROJECT_VERSION = 1;
				DEVELOPMENT_ASSET_PATHS = "\"HackerNewsComments/Preview Content\"";
				DEVELOPMENT_TEAM = SSTDKCYHQ9;
				ENABLE_PREVIEWS = YES;
				GENERATE_INFOPLIST_FILE = YES;
				INFOPLIST_KEY_UIApplicationSceneManifest_Generation = YES;
				INFOPLIST_KEY_UIApplicationSupportsIndirectInputEvents = YES;
				INFOPLIST_KEY_UILaunchScreen_Generation = YES;
				INFOPLIST_KEY_UISupportedInterfaceOrientations_iPad = "UIInterfaceOrientationPortrait UIInterfaceOrientationPortraitUpsideDown UIInterfaceOrientationLandscapeLeft UIInterfaceOrientationLandscapeRight";
				INFOPLIST_KEY_UISupportedInterfaceOrientations_iPhone = "UIInterfaceOrientationPortrait UIInterfaceOrientationLandscapeLeft UIInterfaceOrientationLandscapeRight";
				LD_RUNPATH_SEARCH_PATHS = (
					"$(inherited)",
					"@executable_path/Frameworks",
				);
				MARKETING_VERSION = 1.0;
				PRODUCT_BUNDLE_IDENTIFIER = inhouse23.HackerNewsComments;
				PRODUCT_NAME = "$(TARGET_NAME)";
				SWIFT_EMIT_LOC_STRINGS = YES;
				SWIFT_VERSION = 5.0;
				TARGETED_DEVICE_FAMILY = "1,2";
			};
			name = Release;
		};
		B5474F532860AD740029F031 /* Debug */ = {
			isa = XCBuildConfiguration;
			buildSettings = {
				ALWAYS_EMBED_SWIFT_STANDARD_LIBRARIES = YES;
				BUNDLE_LOADER = "$(TEST_HOST)";
				CODE_SIGN_STYLE = Automatic;
				CURRENT_PROJECT_VERSION = 1;
				DEVELOPMENT_TEAM = SSTDKCYHQ9;
				GENERATE_INFOPLIST_FILE = YES;
				IPHONEOS_DEPLOYMENT_TARGET = 15.4;
				MARKETING_VERSION = 1.0;
				PRODUCT_BUNDLE_IDENTIFIER = inhouse23.HackerNewsCommentsTests;
				PRODUCT_NAME = "$(TARGET_NAME)";
				SWIFT_EMIT_LOC_STRINGS = NO;
				SWIFT_VERSION = 5.0;
				TARGETED_DEVICE_FAMILY = "1,2";
				TEST_HOST = "$(BUILT_PRODUCTS_DIR)/HackerNewsComments.app/HackerNewsComments";
			};
			name = Debug;
		};
		B5474F542860AD740029F031 /* Release */ = {
			isa = XCBuildConfiguration;
			buildSettings = {
				ALWAYS_EMBED_SWIFT_STANDARD_LIBRARIES = YES;
				BUNDLE_LOADER = "$(TEST_HOST)";
				CODE_SIGN_STYLE = Automatic;
				CURRENT_PROJECT_VERSION = 1;
				DEVELOPMENT_TEAM = SSTDKCYHQ9;
				GENERATE_INFOPLIST_FILE = YES;
				IPHONEOS_DEPLOYMENT_TARGET = 15.4;
				MARKETING_VERSION = 1.0;
				PRODUCT_BUNDLE_IDENTIFIER = inhouse23.HackerNewsCommentsTests;
				PRODUCT_NAME = "$(TARGET_NAME)";
				SWIFT_EMIT_LOC_STRINGS = NO;
				SWIFT_VERSION = 5.0;
				TARGETED_DEVICE_FAMILY = "1,2";
				TEST_HOST = "$(BUILT_PRODUCTS_DIR)/HackerNewsComments.app/HackerNewsComments";
			};
			name = Release;
		};
		B5474F562860AD740029F031 /* Debug */ = {
			isa = XCBuildConfiguration;
			buildSettings = {
				ALWAYS_EMBED_SWIFT_STANDARD_LIBRARIES = YES;
				CODE_SIGN_STYLE = Automatic;
				CURRENT_PROJECT_VERSION = 1;
				DEVELOPMENT_TEAM = SSTDKCYHQ9;
				GENERATE_INFOPLIST_FILE = YES;
				MARKETING_VERSION = 1.0;
				PRODUCT_BUNDLE_IDENTIFIER = inhouse23.HackerNewsCommentsUITests;
				PRODUCT_NAME = "$(TARGET_NAME)";
				SWIFT_EMIT_LOC_STRINGS = NO;
				SWIFT_VERSION = 5.0;
				TARGETED_DEVICE_FAMILY = "1,2";
				TEST_TARGET_NAME = HackerNewsComments;
			};
			name = Debug;
		};
		B5474F572860AD740029F031 /* Release */ = {
			isa = XCBuildConfiguration;
			buildSettings = {
				ALWAYS_EMBED_SWIFT_STANDARD_LIBRARIES = YES;
				CODE_SIGN_STYLE = Automatic;
				CURRENT_PROJECT_VERSION = 1;
				DEVELOPMENT_TEAM = SSTDKCYHQ9;
				GENERATE_INFOPLIST_FILE = YES;
				MARKETING_VERSION = 1.0;
				PRODUCT_BUNDLE_IDENTIFIER = inhouse23.HackerNewsCommentsUITests;
				PRODUCT_NAME = "$(TARGET_NAME)";
				SWIFT_EMIT_LOC_STRINGS = NO;
				SWIFT_VERSION = 5.0;
				TARGETED_DEVICE_FAMILY = "1,2";
				TEST_TARGET_NAME = HackerNewsComments;
			};
			name = Release;
		};
/* End XCBuildConfiguration section */

/* Begin XCConfigurationList section */
		B5474F262860AD720029F031 /* Build configuration list for PBXProject "HackerNewsComments" */ = {
			isa = XCConfigurationList;
			buildConfigurations = (
				B5474F4D2860AD740029F031 /* Debug */,
				B5474F4E2860AD740029F031 /* Release */,
			);
			defaultConfigurationIsVisible = 0;
			defaultConfigurationName = Release;
		};
		B5474F4F2860AD740029F031 /* Build configuration list for PBXNativeTarget "HackerNewsComments" */ = {
			isa = XCConfigurationList;
			buildConfigurations = (
				B5474F502860AD740029F031 /* Debug */,
				B5474F512860AD740029F031 /* Release */,
			);
			defaultConfigurationIsVisible = 0;
			defaultConfigurationName = Release;
		};
		B5474F522860AD740029F031 /* Build configuration list for PBXNativeTarget "HackerNewsCommentsTests" */ = {
			isa = XCConfigurationList;
			buildConfigurations = (
				B5474F532860AD740029F031 /* Debug */,
				B5474F542860AD740029F031 /* Release */,
			);
			defaultConfigurationIsVisible = 0;
			defaultConfigurationName = Release;
		};
		B5474F552860AD740029F031 /* Build configuration list for PBXNativeTarget "HackerNewsCommentsUITests" */ = {
			isa = XCConfigurationList;
			buildConfigurations = (
				B5474F562860AD740029F031 /* Debug */,
				B5474F572860AD740029F031 /* Release */,
			);
			defaultConfigurationIsVisible = 0;
			defaultConfigurationName = Release;
		};
/* End XCConfigurationList section */
	};
	rootObject = B5474F232860AD720029F031 /* Project object */;
}
